// !$*UTF8*$!
{
	archiveVersion = 1;
	classes = {
	};
	objectVersion = 56;
	objects = {

/* Begin PBXBuildFile section */
		901A01242C1BEAA100CFA42A /* MIDIReceiveApp.swift in Sources */ = {isa = PBXBuildFile; fileRef = 901A01232C1BEAA100CFA42A /* MIDIReceiveApp.swift */; };
		901A01282C1BEAA500CFA42A /* Assets.xcassets in Resources */ = {isa = PBXBuildFile; fileRef = 901A01272C1BEAA500CFA42A /* Assets.xcassets */; };
		901A012B2C1BEAA500CFA42A /* Preview Assets.xcassets in Resources */ = {isa = PBXBuildFile; fileRef = 901A012A2C1BEAA500CFA42A /* Preview Assets.xcassets */; };
		901A01322C1BEADF00CFA42A /* PacketReceiver.swift in Sources */ = {isa = PBXBuildFile; fileRef = 901A01312C1BEADF00CFA42A /* PacketReceiver.swift */; };
		901A01342C1E232700CFA42A /* LogModel.swift in Sources */ = {isa = PBXBuildFile; fileRef = 901A01332C1E232700CFA42A /* LogModel.swift */; };
		901A01362C1E713D00CFA42A /* MIDIDeviceRow.swift in Sources */ = {isa = PBXBuildFile; fileRef = 901A01352C1E713D00CFA42A /* MIDIDeviceRow.swift */; };
		901A01392C1E900D00CFA42A /* MIDIDeviceList.swift in Sources */ = {isa = PBXBuildFile; fileRef = 901A01382C1E900D00CFA42A /* MIDIDeviceList.swift */; };
		901A013B2C1E903B00CFA42A /* MIDILogView.swift in Sources */ = {isa = PBXBuildFile; fileRef = 901A013A2C1E903B00CFA42A /* MIDILogView.swift */; };
		901A013E2C1E91A500CFA42A /* AppState.swift in Sources */ = {isa = PBXBuildFile; fileRef = 901A013D2C1E91A500CFA42A /* AppState.swift */; };
		901A01402C1E91C700CFA42A /* Color+Extension.swift in Sources */ = {isa = PBXBuildFile; fileRef = 901A013F2C1E91C700CFA42A /* Color+Extension.swift */; };
		901A01422C1E92BD00CFA42A /* MIDIDeviceModel.swift in Sources */ = {isa = PBXBuildFile; fileRef = 901A01412C1E92BD00CFA42A /* MIDIDeviceModel.swift */; };
		901A01442C1E933A00CFA42A /* OSStatusError.swift in Sources */ = {isa = PBXBuildFile; fileRef = 901A01432C1E933A00CFA42A /* OSStatusError.swift */; };
/* End PBXBuildFile section */

/* Begin PBXFileReference section */
		901A01202C1BEAA100CFA42A /* MIDIReceive.app */ = {isa = PBXFileReference; explicitFileType = wrapper.application; includeInIndex = 0; path = MIDIReceive.app; sourceTree = BUILT_PRODUCTS_DIR; };
		901A01232C1BEAA100CFA42A /* MIDIReceiveApp.swift */ = {isa = PBXFileReference; lastKnownFileType = sourcecode.swift; path = MIDIReceiveApp.swift; sourceTree = "<group>"; };
		901A01272C1BEAA500CFA42A /* Assets.xcassets */ = {isa = PBXFileReference; lastKnownFileType = folder.assetcatalog; path = Assets.xcassets; sourceTree = "<group>"; };
		901A012A2C1BEAA500CFA42A /* Preview Assets.xcassets */ = {isa = PBXFileReference; lastKnownFileType = folder.assetcatalog; path = "Preview Assets.xcassets"; sourceTree = "<group>"; };
		901A01312C1BEADF00CFA42A /* PacketReceiver.swift */ = {isa = PBXFileReference; lastKnownFileType = sourcecode.swift; path = PacketReceiver.swift; sourceTree = "<group>"; };
		901A01332C1E232700CFA42A /* LogModel.swift */ = {isa = PBXFileReference; lastKnownFileType = sourcecode.swift; path = LogModel.swift; sourceTree = "<group>"; };
		901A01352C1E713D00CFA42A /* MIDIDeviceRow.swift */ = {isa = PBXFileReference; lastKnownFileType = sourcecode.swift; path = MIDIDeviceRow.swift; sourceTree = "<group>"; };
		901A01382C1E900D00CFA42A /* MIDIDeviceList.swift */ = {isa = PBXFileReference; lastKnownFileType = sourcecode.swift; path = MIDIDeviceList.swift; sourceTree = "<group>"; };
		901A013A2C1E903B00CFA42A /* MIDILogView.swift */ = {isa = PBXFileReference; lastKnownFileType = sourcecode.swift; path = MIDILogView.swift; sourceTree = "<group>"; };
		901A013D2C1E91A500CFA42A /* AppState.swift */ = {isa = PBXFileReference; lastKnownFileType = sourcecode.swift; path = AppState.swift; sourceTree = "<group>"; };
		901A013F2C1E91C700CFA42A /* Color+Extension.swift */ = {isa = PBXFileReference; lastKnownFileType = sourcecode.swift; path = "Color+Extension.swift"; sourceTree = "<group>"; };
		901A01412C1E92BD00CFA42A /* MIDIDeviceModel.swift */ = {isa = PBXFileReference; lastKnownFileType = sourcecode.swift; path = MIDIDeviceModel.swift; sourceTree = "<group>"; };
		901A01432C1E933A00CFA42A /* OSStatusError.swift */ = {isa = PBXFileReference; lastKnownFileType = sourcecode.swift; path = OSStatusError.swift; sourceTree = "<group>"; };
/* End PBXFileReference section */

/* Begin PBXFrameworksBuildPhase section */
		901A011D2C1BEAA100CFA42A /* Frameworks */ = {
			isa = PBXFrameworksBuildPhase;
			buildActionMask = 2147483647;
			files = (
			);
			runOnlyForDeploymentPostprocessing = 0;
		};
/* End PBXFrameworksBuildPhase section */

/* Begin PBXGroup section */
		901A01172C1BEAA100CFA42A = {
			isa = PBXGroup;
			children = (
				901A01222C1BEAA100CFA42A /* MIDIReceive */,
				901A01212C1BEAA100CFA42A /* Products */,
			);
			sourceTree = "<group>";
		};
		901A01212C1BEAA100CFA42A /* Products */ = {
			isa = PBXGroup;
			children = (
				901A01202C1BEAA100CFA42A /* MIDIReceive.app */,
			);
			name = Products;
			sourceTree = "<group>";
		};
		901A01222C1BEAA100CFA42A /* MIDIReceive */ = {
			isa = PBXGroup;
			children = (
				901A013C2C1E918A00CFA42A /* Data */,
				901A01372C1E8FCE00CFA42A /* Presentation */,
				901A01232C1BEAA100CFA42A /* MIDIReceiveApp.swift */,
				901A01272C1BEAA500CFA42A /* Assets.xcassets */,
				901A01292C1BEAA500CFA42A /* Preview Content */,
				901A01312C1BEADF00CFA42A /* PacketReceiver.swift */,
			);
			path = MIDIReceive;
			sourceTree = "<group>";
		};
		901A01292C1BEAA500CFA42A /* Preview Content */ = {
			isa = PBXGroup;
			children = (
				901A012A2C1BEAA500CFA42A /* Preview Assets.xcassets */,
			);
			path = "Preview Content";
			sourceTree = "<group>";
		};
		901A01372C1E8FCE00CFA42A /* Presentation */ = {
			isa = PBXGroup;
			children = (
				901A013F2C1E91C700CFA42A /* Color+Extension.swift */,
				901A01382C1E900D00CFA42A /* MIDIDeviceList.swift */,
				901A01352C1E713D00CFA42A /* MIDIDeviceRow.swift */,
				901A013A2C1E903B00CFA42A /* MIDILogView.swift */,
			);
			path = Presentation;
			sourceTree = "<group>";
		};
		901A013C2C1E918A00CFA42A /* Data */ = {
			isa = PBXGroup;
			children = (
				901A01332C1E232700CFA42A /* LogModel.swift */,
				901A013D2C1E91A500CFA42A /* AppState.swift */,
				901A01412C1E92BD00CFA42A /* MIDIDeviceModel.swift */,
				901A01432C1E933A00CFA42A /* OSStatusError.swift */,
			);
			path = Data;
			sourceTree = "<group>";
		};
/* End PBXGroup section */

/* Begin PBXNativeTarget section */
		901A011F2C1BEAA100CFA42A /* MIDIReceive */ = {
			isa = PBXNativeTarget;
			buildConfigurationList = 901A012E2C1BEAA500CFA42A /* Build configuration list for PBXNativeTarget "MIDIReceive" */;
			buildPhases = (
				901A011C2C1BEAA100CFA42A /* Sources */,
				901A011D2C1BEAA100CFA42A /* Frameworks */,
				901A011E2C1BEAA100CFA42A /* Resources */,
			);
			buildRules = (
			);
			dependencies = (
			);
			name = MIDIReceive;
			productName = MIDIReceive;
			productReference = 901A01202C1BEAA100CFA42A /* MIDIReceive.app */;
			productType = "com.apple.product-type.application";
		};
/* End PBXNativeTarget section */

/* Begin PBXProject section */
		901A01182C1BEAA100CFA42A /* Project object */ = {
			isa = PBXProject;
			attributes = {
				BuildIndependentTargetsInParallel = 1;
				LastSwiftUpdateCheck = 1540;
				LastUpgradeCheck = 1540;
				TargetAttributes = {
					901A011F2C1BEAA100CFA42A = {
						CreatedOnToolsVersion = 15.4;
					};
				};
			};
			buildConfigurationList = 901A011B2C1BEAA100CFA42A /* Build configuration list for PBXProject "MIDIReceive" */;
			compatibilityVersion = "Xcode 14.0";
			developmentRegion = en;
			hasScannedForEncodings = 0;
			knownRegions = (
				en,
				Base,
			);
			mainGroup = 901A01172C1BEAA100CFA42A;
			productRefGroup = 901A01212C1BEAA100CFA42A /* Products */;
			projectDirPath = "";
			projectRoot = "";
			targets = (
				901A011F2C1BEAA100CFA42A /* MIDIReceive */,
			);
		};
/* End PBXProject section */

/* Begin PBXResourcesBuildPhase section */
		901A011E2C1BEAA100CFA42A /* Resources */ = {
			isa = PBXResourcesBuildPhase;
			buildActionMask = 2147483647;
			files = (
				901A012B2C1BEAA500CFA42A /* Preview Assets.xcassets in Resources */,
				901A01282C1BEAA500CFA42A /* Assets.xcassets in Resources */,
			);
			runOnlyForDeploymentPostprocessing = 0;
		};
/* End PBXResourcesBuildPhase section */

/* Begin PBXSourcesBuildPhase section */
		901A011C2C1BEAA100CFA42A /* Sources */ = {
			isa = PBXSourcesBuildPhase;
			buildActionMask = 2147483647;
			files = (
				901A01442C1E933A00CFA42A /* OSStatusError.swift in Sources */,
				901A013B2C1E903B00CFA42A /* MIDILogView.swift in Sources */,
				901A01402C1E91C700CFA42A /* Color+Extension.swift in Sources */,
				901A01392C1E900D00CFA42A /* MIDIDeviceList.swift in Sources */,
				901A01342C1E232700CFA42A /* LogModel.swift in Sources */,
				901A013E2C1E91A500CFA42A /* AppState.swift in Sources */,
				901A01242C1BEAA100CFA42A /* MIDIReceiveApp.swift in Sources */,
				901A01322C1BEADF00CFA42A /* PacketReceiver.swift in Sources */,
				901A01422C1E92BD00CFA42A /* MIDIDeviceModel.swift in Sources */,
				901A01362C1E713D00CFA42A /* MIDIDeviceRow.swift in Sources */,
			);
			runOnlyForDeploymentPostprocessing = 0;
		};
/* End PBXSourcesBuildPhase section */

/* Begin XCBuildConfiguration section */
		901A012C2C1BEAA500CFA42A /* Debug */ = {
			isa = XCBuildConfiguration;
			buildSettings = {
				ALWAYS_SEARCH_USER_PATHS = NO;
				ASSETCATALOG_COMPILER_GENERATE_SWIFT_ASSET_SYMBOL_EXTENSIONS = YES;
				CLANG_ANALYZER_NONNULL = YES;
				CLANG_ANALYZER_NUMBER_OBJECT_CONVERSION = YES_AGGRESSIVE;
				CLANG_CXX_LANGUAGE_STANDARD = "gnu++20";
				CLANG_ENABLE_MODULES = YES;
				CLANG_ENABLE_OBJC_ARC = YES;
				CLANG_ENABLE_OBJC_WEAK = YES;
				CLANG_WARN_BLOCK_CAPTURE_AUTORELEASING = YES;
				CLANG_WARN_BOOL_CONVERSION = YES;
				CLANG_WARN_COMMA = YES;
				CLANG_WARN_CONSTANT_CONVERSION = YES;
				CLANG_WARN_DEPRECATED_OBJC_IMPLEMENTATIONS = YES;
				CLANG_WARN_DIRECT_OBJC_ISA_USAGE = YES_ERROR;
				CLANG_WARN_DOCUMENTATION_COMMENTS = YES;
				CLANG_WARN_EMPTY_BODY = YES;
				CLANG_WARN_ENUM_CONVERSION = YES;
				CLANG_WARN_INFINITE_RECURSION = YES;
				CLANG_WARN_INT_CONVERSION = YES;
				CLANG_WARN_NON_LITERAL_NULL_CONVERSION = YES;
				CLANG_WARN_OBJC_IMPLICIT_RETAIN_SELF = YES;
				CLANG_WARN_OBJC_LITERAL_CONVERSION = YES;
				CLANG_WARN_OBJC_ROOT_CLASS = YES_ERROR;
				CLANG_WARN_QUOTED_INCLUDE_IN_FRAMEWORK_HEADER = YES;
				CLANG_WARN_RANGE_LOOP_ANALYSIS = YES;
				CLANG_WARN_STRICT_PROTOTYPES = YES;
				CLANG_WARN_SUSPICIOUS_MOVE = YES;
				CLANG_WARN_UNGUARDED_AVAILABILITY = YES_AGGRESSIVE;
				CLANG_WARN_UNREACHABLE_CODE = YES;
				CLANG_WARN__DUPLICATE_METHOD_MATCH = YES;
				COPY_PHASE_STRIP = NO;
				DEBUG_INFORMATION_FORMAT = dwarf;
				ENABLE_STRICT_OBJC_MSGSEND = YES;
				ENABLE_TESTABILITY = YES;
				ENABLE_USER_SCRIPT_SANDBOXING = YES;
				GCC_C_LANGUAGE_STANDARD = gnu17;
				GCC_DYNAMIC_NO_PIC = NO;
				GCC_NO_COMMON_BLOCKS = YES;
				GCC_OPTIMIZATION_LEVEL = 0;
				GCC_PREPROCESSOR_DEFINITIONS = (
					"DEBUG=1",
					"$(inherited)",
				);
				GCC_WARN_64_TO_32_BIT_CONVERSION = YES;
				GCC_WARN_ABOUT_RETURN_TYPE = YES_ERROR;
				GCC_WARN_UNDECLARED_SELECTOR = YES;
				GCC_WARN_UNINITIALIZED_AUTOS = YES_AGGRESSIVE;
				GCC_WARN_UNUSED_FUNCTION = YES;
				GCC_WARN_UNUSED_VARIABLE = YES;
				IPHONEOS_DEPLOYMENT_TARGET = 17.5;
				LOCALIZATION_PREFERS_STRING_CATALOGS = YES;
				MTL_ENABLE_DEBUG_INFO = INCLUDE_SOURCE;
				MTL_FAST_MATH = YES;
				ONLY_ACTIVE_ARCH = YES;
				SDKROOT = iphoneos;
				SWIFT_ACTIVE_COMPILATION_CONDITIONS = "DEBUG $(inherited)";
				SWIFT_OPTIMIZATION_LEVEL = "-Onone";
			};
			name = Debug;
		};
		901A012D2C1BEAA500CFA42A /* Release */ = {
			isa = XCBuildConfiguration;
			buildSettings = {
				ALWAYS_SEARCH_USER_PATHS = NO;
				ASSETCATALOG_COMPILER_GENERATE_SWIFT_ASSET_SYMBOL_EXTENSIONS = YES;
				CLANG_ANALYZER_NONNULL = YES;
				CLANG_ANALYZER_NUMBER_OBJECT_CONVERSION = YES_AGGRESSIVE;
				CLANG_CXX_LANGUAGE_STANDARD = "gnu++20";
				CLANG_ENABLE_MODULES = YES;
				CLANG_ENABLE_OBJC_ARC = YES;
				CLANG_ENABLE_OBJC_WEAK = YES;
				CLANG_WARN_BLOCK_CAPTURE_AUTORELEASING = YES;
				CLANG_WARN_BOOL_CONVERSION = YES;
				CLANG_WARN_COMMA = YES;
				CLANG_WARN_CONSTANT_CONVERSION = YES;
				CLANG_WARN_DEPRECATED_OBJC_IMPLEMENTATIONS = YES;
				CLANG_WARN_DIRECT_OBJC_ISA_USAGE = YES_ERROR;
				CLANG_WARN_DOCUMENTATION_COMMENTS = YES;
				CLANG_WARN_EMPTY_BODY = YES;
				CLANG_WARN_ENUM_CONVERSION = YES;
				CLANG_WARN_INFINITE_RECURSION = YES;
				CLANG_WARN_INT_CONVERSION = YES;
				CLANG_WARN_NON_LITERAL_NULL_CONVERSION = YES;
				CLANG_WARN_OBJC_IMPLICIT_RETAIN_SELF = YES;
				CLANG_WARN_OBJC_LITERAL_CONVERSION = YES;
				CLANG_WARN_OBJC_ROOT_CLASS = YES_ERROR;
				CLANG_WARN_QUOTED_INCLUDE_IN_FRAMEWORK_HEADER = YES;
				CLANG_WARN_RANGE_LOOP_ANALYSIS = YES;
				CLANG_WARN_STRICT_PROTOTYPES = YES;
				CLANG_WARN_SUSPICIOUS_MOVE = YES;
				CLANG_WARN_UNGUARDED_AVAILABILITY = YES_AGGRESSIVE;
				CLANG_WARN_UNREACHABLE_CODE = YES;
				CLANG_WARN__DUPLICATE_METHOD_MATCH = YES;
				COPY_PHASE_STRIP = NO;
				DEBUG_INFORMATION_FORMAT = "dwarf-with-dsym";
				ENABLE_NS_ASSERTIONS = NO;
				ENABLE_STRICT_OBJC_MSGSEND = YES;
				ENABLE_USER_SCRIPT_SANDBOXING = YES;
				GCC_C_LANGUAGE_STANDARD = gnu17;
				GCC_NO_COMMON_BLOCKS = YES;
				GCC_WARN_64_TO_32_BIT_CONVERSION = YES;
				GCC_WARN_ABOUT_RETURN_TYPE = YES_ERROR;
				GCC_WARN_UNDECLARED_SELECTOR = YES;
				GCC_WARN_UNINITIALIZED_AUTOS = YES_AGGRESSIVE;
				GCC_WARN_UNUSED_FUNCTION = YES;
				GCC_WARN_UNUSED_VARIABLE = YES;
				IPHONEOS_DEPLOYMENT_TARGET = 17.5;
				LOCALIZATION_PREFERS_STRING_CATALOGS = YES;
				MTL_ENABLE_DEBUG_INFO = NO;
				MTL_FAST_MATH = YES;
				SDKROOT = iphoneos;
				SWIFT_COMPILATION_MODE = wholemodule;
				VALIDATE_PRODUCT = YES;
			};
			name = Release;
		};
		901A012F2C1BEAA500CFA42A /* Debug */ = {
			isa = XCBuildConfiguration;
			buildSettings = {
				ASSETCATALOG_COMPILER_APPICON_NAME = AppIcon;
				ASSETCATALOG_COMPILER_GLOBAL_ACCENT_COLOR_NAME = AccentColor;
				CODE_SIGN_STYLE = Automatic;
				CURRENT_PROJECT_VERSION = 1;
				DEVELOPMENT_ASSET_PATHS = "\"MIDIReceive/Preview Content\"";
				DEVELOPMENT_TEAM = 6F6B2VJ5ZH;
				ENABLE_PREVIEWS = YES;
				GENERATE_INFOPLIST_FILE = YES;
				INFOPLIST_KEY_UIApplicationSceneManifest_Generation = YES;
				INFOPLIST_KEY_UIApplicationSupportsIndirectInputEvents = YES;
				INFOPLIST_KEY_UILaunchScreen_Generation = YES;
				INFOPLIST_KEY_UISupportedInterfaceOrientations_iPad = "UIInterfaceOrientationPortrait UIInterfaceOrientationPortraitUpsideDown UIInterfaceOrientationLandscapeLeft UIInterfaceOrientationLandscapeRight";
				INFOPLIST_KEY_UISupportedInterfaceOrientations_iPhone = "UIInterfaceOrientationPortrait UIInterfaceOrientationLandscapeLeft UIInterfaceOrientationLandscapeRight";
				LD_RUNPATH_SEARCH_PATHS = (
					"$(inherited)",
					"@executable_path/Frameworks",
				);
				MARKETING_VERSION = 1.0;
				PRODUCT_BUNDLE_IDENTIFIER = com.dsdev.MIDIReceive;
				PRODUCT_NAME = "$(TARGET_NAME)";
				SWIFT_EMIT_LOC_STRINGS = YES;
				SWIFT_VERSION = 5.0;
				TARGETED_DEVICE_FAMILY = "1,2";
			};
			name = Debug;
		};
		901A01302C1BEAA500CFA42A /* Release */ = {
			isa = XCBuildConfiguration;
			buildSettings = {
				ASSETCATALOG_COMPILER_APPICON_NAME = AppIcon;
				ASSETCATALOG_COMPILER_GLOBAL_ACCENT_COLOR_NAME = AccentColor;
				CODE_SIGN_STYLE = Automatic;
				CURRENT_PROJECT_VERSION = 1;
				DEVELOPMENT_ASSET_PATHS = "\"MIDIReceive/Preview Content\"";
				DEVELOPMENT_TEAM = 6F6B2VJ5ZH;
				ENABLE_PREVIEWS = YES;
				GENERATE_INFOPLIST_FILE = YES;
				INFOPLIST_KEY_UIApplicationSceneManifest_Generation = YES;
				INFOPLIST_KEY_UIApplicationSupportsIndirectInputEvents = YES;
				INFOPLIST_KEY_UILaunchScreen_Generation = YES;
				INFOPLIST_KEY_UISupportedInterfaceOrientations_iPad = "UIInterfaceOrientationPortrait UIInterfaceOrientationPortraitUpsideDown UIInterfaceOrientationLandscapeLeft UIInterfaceOrientationLandscapeRight";
				INFOPLIST_KEY_UISupportedInterfaceOrientations_iPhone = "UIInterfaceOrientationPortrait UIInterfaceOrientationLandscapeLeft UIInterfaceOrientationLandscapeRight";
				LD_RUNPATH_SEARCH_PATHS = (
					"$(inherited)",
					"@executable_path/Frameworks",
				);
				MARKETING_VERSION = 1.0;
				PRODUCT_BUNDLE_IDENTIFIER = com.dsdev.MIDIReceive;
				PRODUCT_NAME = "$(TARGET_NAME)";
				SWIFT_EMIT_LOC_STRINGS = YES;
				SWIFT_VERSION = 5.0;
				TARGETED_DEVICE_FAMILY = "1,2";
			};
			name = Release;
		};
/* End XCBuildConfiguration section */

/* Begin XCConfigurationList section */
		901A011B2C1BEAA100CFA42A /* Build configuration list for PBXProject "MIDIReceive" */ = {
			isa = XCConfigurationList;
			buildConfigurations = (
				901A012C2C1BEAA500CFA42A /* Debug */,
				901A012D2C1BEAA500CFA42A /* Release */,
			);
			defaultConfigurationIsVisible = 0;
			defaultConfigurationName = Release;
		};
		901A012E2C1BEAA500CFA42A /* Build configuration list for PBXNativeTarget "MIDIReceive" */ = {
			isa = XCConfigurationList;
			buildConfigurations = (
				901A012F2C1BEAA500CFA42A /* Debug */,
				901A01302C1BEAA500CFA42A /* Release */,
			);
			defaultConfigurationIsVisible = 0;
			defaultConfigurationName = Release;
		};
/* End XCConfigurationList section */
	};
	rootObject = 901A01182C1BEAA100CFA42A /* Project object */;
}
